# THIS IS AN AUTOGENERATED FILE. DO NOT EDIT THIS FILE DIRECTLY.
# yarn lockfile v1


amdefine@>=0.0.4:
  version "1.0.1"
  resolved "https://registry.yarnpkg.com/amdefine/-/amdefine-1.0.1.tgz#4a5282ac164729e93619bcfd3ad151f817ce91f5"
  integrity sha512-S2Hw0TtNkMJhIabBwIojKL9YHO5T0n5eNqWJ7Lrlel/zDbftQpxpapi8tZs3X1HWa+u+QeydGmzzNU0m09+Rcg==

async@~0.2.6:
  version "0.2.10"
  resolved "https://registry.yarnpkg.com/async/-/async-0.2.10.tgz#b6bbe0b0674b9d719708ca38de8c237cb526c3d1"
  integrity sha512-eAkdoKxU6/LkKDBzLpT+t6Ff5EtfSF4wx1WfJiPEEV7WNLnDaRXk0oVysiEPm262roaachGexwUv94WhSgN5TQ==

chokidar@~0.8.0:
  version "0.8.4"
  resolved "https://registry.yarnpkg.com/chokidar/-/chokidar-0.8.4.tgz#3b2b5066817086534ba81a092bdcf4be25b8bee0"
  integrity sha512-auWFkYQV6w4821+YQATR3ueTMRPMAK9qVzl9cyE1O7dM7l2/NI6IIDcvPrER+RzdgoCi5b9aCy3btoZFsLVJbw==
  optionalDependencies:
    fsevents pipobscure/fsevents#7dcdf9fa3f8956610fd6f69f72c67bace2de7138
    recursive-readdir "0.0.2"

easyioc@~0.1.10:
  version "0.1.13"
  resolved "https://registry.yarnpkg.com/easyioc/-/easyioc-0.1.13.tgz#a3eebbc4dcb26679aed1723a99f97c54e0b026ed"
  integrity sha512-m+Z9Ed3vYBUiImoqGHWTHjNiB3m8gHHJPlBoeWbkGufU1uT2BXd28vqGDqgdXaDXQ29p6kK66alghIvmrPi+/w==
  dependencies:
    lodash-node "~2.4.0"

encore@^0.0.30-beta:
  version "0.0.30-beta"
  resolved "https://registry.yarnpkg.com/encore/-/encore-0.0.30-beta.tgz#ce1a924bec400051fca893fe3610c8c87c99657a"
  integrity sha512-stRMj446hvKOdbnWT+DIlQBvHtThbQF2Vcajqymim4iGnIAyH104ldRu2OVHybehxVG60iw1rM2H+fX+8QIkQg==
  dependencies:
    chokidar "~0.8.0"
    easyioc "~0.1.10"
    filefetcher "0.0.1"
    handlebars "~1.2.0"
    lodash-node "~2.4.0"
    runway "~3.15.47-beta"

filefetcher@0.0.1:
  version "0.0.1"
  resolved "https://registry.yarnpkg.com/filefetcher/-/filefetcher-0.0.1.tgz#e1b1d0501ac80b4b8448b8de699e78670c5794a5"
  integrity sha512-QlUcZASZmbkI82SfbvJEdiVraYaKn733G5y8GULu6T1gab2XYZbNYYhA6cakkx4dv3vkhGN3bZFFVmPxxQqO0A==

fsevents@pipobscure/fsevents#7dcdf9fa3f8956610fd6f69f72c67bace2de7138:
  version "0.2.1"
  resolved "https://codeload.github.com/pipobscure/fsevents/tar.gz/7dcdf9fa3f8956610fd6f69f72c67bace2de7138"
  dependencies:
    nan "~0.8.0"

handlebars@~1.2.0:
  version "1.2.1"
  resolved "https://registry.yarnpkg.com/handlebars/-/handlebars-1.2.1.tgz#0a9016379064f8957779bdc2812869120aba9d98"
  integrity sha512-wIcUhiIZjjbcwoEagGbYNnWbzEvFBGtUXFlek7rlyzkClAf42btC8OchVBDOYiFKYbxDVB0BJGtANahdoCwrtg==
  dependencies:
    optimist "~0.3"
  optionalDependencies:
    uglify-js "~2.3"

lodash-node@~2.4.0, lodash-node@~2.4.1:
  version "2.4.1"
  resolved "https://registry.yarnpkg.com/lodash-node/-/lodash-node-2.4.1.tgz#ea82f7b100c733d1a42af76801e506105e2a80ec"
  integrity sha512-egEt8eNQp2kZWRmngahiqMoDCDCENv3uM188S7Ed5t4k3v6RrLELXC+FqLNMUnhCo7gvQX3G1V8opK/Lcslahg==

nan@~0.8.0:
  version "0.8.0"
  resolved "https://registry.yarnpkg.com/nan/-/nan-0.8.0.tgz#022a8fa5e9fe8420964ac1fb3dc94e17f449f5fd"
  integrity sha512-M+vkONtYYOj3IH4em2DsC4PxXtihcZSxHfoQnEIDJqQt7PrWMvWW5YCoAYvHHChffVW5BazqzZrTsa/+Y5cBLw==

optimist@~0.3, optimist@~0.3.5:
  version "0.3.7"
  resolved "https://registry.yarnpkg.com/optimist/-/optimist-0.3.7.tgz#c90941ad59e4273328923074d2cf2e7cbc6ec0d9"
  integrity sha512-TCx0dXQzVtSCg2OgY/bO9hjM9cV4XYx09TVK+s3+FhkjT6LovsLe+pPMzpWf+6yXK/hUizs2gUoTw3jHM0VaTQ==
  dependencies:
    wordwrap "~0.0.2"

recursive-readdir@0.0.2:
  version "0.0.2"
  resolved "https://registry.yarnpkg.com/recursive-readdir/-/recursive-readdir-0.0.2.tgz#0bc47dc4838e646dccfba0507b5e57ffbff35f7c"
  integrity sha512-h/GBQZmT5LPqJvuTRDJKruc0SLd/ZvCgwUgwA3XdFQ6tT0J7O2Au5IbwxB+a2Cl22atdxLiG4KrKgOrMc+eZDQ==

runway@~3.15.47-beta:
  version "3.15.47-beta"
  resolved "https://registry.yarnpkg.com/runway/-/runway-3.15.47-beta.tgz#425041292ab01477fa33a0b28cf6ab96bd9357dc"
  integrity sha512-K/Iiwth4tjKoha4WBLnUXc2YDRu2jo/kxkR7C8GQxkNNEujzM4E1irFFzaCbd7nkeGIVgd66b3Sn2E7VBXYBUQ==
  dependencies:
    lodash-node "~2.4.1"

source-map@~0.1.7:
  version "0.1.43"
  resolved "https://registry.yarnpkg.com/source-map/-/source-map-0.1.43.tgz#c24bc146ca517c1471f5dacbe2571b2b7f9e3346"
  integrity sha512-VtCvB9SIQhk3aF6h+N85EaqIaBFIAfZ9Cu+NJHHVvc8BbEcnvDcFw6sqQ2dQrT6SlOrZq3tIvyD9+EGq/lJryQ==
  dependencies:
    amdefine ">=0.0.4"

uglify-js@~2.3:
  version "2.3.6"
  resolved "https://registry.yarnpkg.com/uglify-js/-/uglify-js-2.3.6.tgz#fa0984770b428b7a9b2a8058f46355d14fef211a"
  integrity sha512-T2LWWydxf5+Btpb0S/Gg/yKFmYjnX9jtQ4mdN9YRq73BhN21EhU0Dvw3wYDLqd3TooGUJlCKf3Gfyjjy/RTcWA==
  dependencies:
    async "~0.2.6"
    optimist "~0.3.5"
    source-map "~0.1.7"

wordwrap@~0.0.2:
  version "0.0.3"
  resolved "https://registry.yarnpkg.com/wordwrap/-/wordwrap-0.0.3.tgz#a3d5da6cd5c0bc0008d37234bbaf1bed63059107"
  integrity sha512-1tMA907+V4QmxV7dbRvb4/8MaRALK6q9Abid3ndMYnbyo8piisCmeONVqVSXqQA3KaP4SLt5b7ud6E2sqP8TFw==
